
Microsoft Visual Studio Solution File, Format Version 12.00
# Visual Studio Version 17
VisualStudioVersion = 17.2.32519.379
MinimumVisualStudioVersion = 10.0.40219.1
Project("{9A19103F-16F7-4668-BE54-9A1E7A4F7556}") = "HamsterWarsV2", "HamsterWarsV2\HamsterWarsV2.csproj", "{B813A36A-205D-48C5-BF3F-D322495289C8}"
EndProject
Project("{9A19103F-16F7-4668-BE54-9A1E7A4F7556}") = "Entities", "Entities\Entities.csproj", "{4861FAD3-36C7-42BF-83B8-3AC3B1B624DA}"
EndProject
Project("{2150E333-8FDC-42A3-9474-1A3956D46DE8}") = "Domain", "Domain", "{6FBB5B6D-764C-45A2-873C-A720E1AF36B7}"
EndProject
Project("{2150E333-8FDC-42A3-9474-1A3956D46DE8}") = "Application", "Application", "{CF646A53-4837-4BA8-BEFF-F6350AF2E46E}"
EndProject
Project("{9A19103F-16F7-4668-BE54-9A1E7A4F7556}") = "API", "API\API.csproj", "{828AB633-2677-40D7-93E9-CA979DDD288A}"
EndProject
Global
	GlobalSection(SolutionConfigurationPlatforms) = preSolution
		Debug|Any CPU = Debug|Any CPU
		Release|Any CPU = Release|Any CPU
	EndGlobalSection
	GlobalSection(ProjectConfigurationPlatforms) = postSolution
		{B813A36A-205D-48C5-BF3F-D322495289C8}.Debug|Any CPU.ActiveCfg = Debug|Any CPU
		{B813A36A-205D-48C5-BF3F-D322495289C8}.Debug|Any CPU.Build.0 = Debug|Any CPU
		{B813A36A-205D-48C5-BF3F-D322495289C8}.Release|Any CPU.ActiveCfg = Release|Any CPU
		{B813A36A-205D-48C5-BF3F-D322495289C8}.Release|Any CPU.Build.0 = Release|Any CPU
		{4861FAD3-36C7-42BF-83B8-3AC3B1B624DA}.Debug|Any CPU.ActiveCfg = Debug|Any CPU
		{4861FAD3-36C7-42BF-83B8-3AC3B1B624DA}.Debug|Any CPU.Build.0 = Debug|Any CPU
		{4861FAD3-36C7-42BF-83B8-3AC3B1B624DA}.Release|Any CPU.ActiveCfg = Release|Any CPU
		{4861FAD3-36C7-42BF-83B8-3AC3B1B624DA}.Release|Any CPU.Build.0 = Release|Any CPU
		{828AB633-2677-40D7-93E9-CA979DDD288A}.Debug|Any CPU.ActiveCfg = Debug|Any CPU
		{828AB633-2677-40D7-93E9-CA979DDD288A}.Debug|Any CPU.Build.0 = Debug|Any CPU
		{828AB633-2677-40D7-93E9-CA979DDD288A}.Release|Any CPU.ActiveCfg = Release|Any CPU
		{828AB633-2677-40D7-93E9-CA979DDD288A}.Release|Any CPU.Build.0 = Release|Any CPU
	EndGlobalSection
	GlobalSection(SolutionProperties) = preSolution
		HideSolutionNode = FALSE
	EndGlobalSection
	GlobalSection(NestedProjects) = preSolution
		{B813A36A-205D-48C5-BF3F-D322495289C8} = {CF646A53-4837-4BA8-BEFF-F6350AF2E46E}
		{4861FAD3-36C7-42BF-83B8-3AC3B1B624DA} = {6FBB5B6D-764C-45A2-873C-A720E1AF36B7}
		{828AB633-2677-40D7-93E9-CA979DDD288A} = {6FBB5B6D-764C-45A2-873C-A720E1AF36B7}
	EndGlobalSection
	GlobalSection(ExtensibilityGlobals) = postSolution
		SolutionGuid = {A21FA85F-BEB4-4EFB-BF5F-52DDA3C69C56}
	EndGlobalSection
EndGlobal
